// !$*UTF8*$!
{
	archiveVersion = 1;
	classes = {
	};
	objectVersion = 51;
	objects = {

/* Begin PBXBuildFile section */
		0E10C6B7D45B04F8ECC41990 /* Pods_iOSClean_iOSCleanUITests.framework in Frameworks */ = {isa = PBXBuildFile; fileRef = 2C1622A311FCB6C2A5586554 /* Pods_iOSClean_iOSCleanUITests.framework */; };
		3713FA4325BBDC210082490A /* TodolistInteractor.swift in Sources */ = {isa = PBXBuildFile; fileRef = 3713FA4225BBDC210082490A /* TodolistInteractor.swift */; };
		3713FA4825BBDD270082490A /* TodolistWorker.swift in Sources */ = {isa = PBXBuildFile; fileRef = 3713FA4725BBDD270082490A /* TodolistWorker.swift */; };
		3713FA5025BBE0ED0082490A /* TodoItemTableViewCell.swift in Sources */ = {isa = PBXBuildFile; fileRef = 3713FA4F25BBE0ED0082490A /* TodoItemTableViewCell.swift */; };
		3713FA5C25BBF0E70082490A /* TodolistModelTests.swift in Sources */ = {isa = PBXBuildFile; fileRef = 3713FA5B25BBF0E70082490A /* TodolistModelTests.swift */; };
		374B919B25BBD353006AD053 /* TodoListModel.swift in Sources */ = {isa = PBXBuildFile; fileRef = 374B919A25BBD353006AD053 /* TodoListModel.swift */; };
		37A0043325BBC2D6001D39B9 /* AppDelegate.swift in Sources */ = {isa = PBXBuildFile; fileRef = 37A0043225BBC2D6001D39B9 /* AppDelegate.swift */; };
		37A0043525BBC2D6001D39B9 /* SceneDelegate.swift in Sources */ = {isa = PBXBuildFile; fileRef = 37A0043425BBC2D6001D39B9 /* SceneDelegate.swift */; };
		37A0043725BBC2D6001D39B9 /* TodolistViewController.swift in Sources */ = {isa = PBXBuildFile; fileRef = 37A0043625BBC2D6001D39B9 /* TodolistViewController.swift */; };
		37A0043A25BBC2D6001D39B9 /* Main.storyboard in Resources */ = {isa = PBXBuildFile; fileRef = 37A0043825BBC2D6001D39B9 /* Main.storyboard */; };
		37A0043C25BBC2D7001D39B9 /* Assets.xcassets in Resources */ = {isa = PBXBuildFile; fileRef = 37A0043B25BBC2D7001D39B9 /* Assets.xcassets */; };
		37A0043F25BBC2D7001D39B9 /* LaunchScreen.storyboard in Resources */ = {isa = PBXBuildFile; fileRef = 37A0043D25BBC2D7001D39B9 /* LaunchScreen.storyboard */; };
		37A0045525BBC2D7001D39B9 /* iOSCleanUITests.swift in Sources */ = {isa = PBXBuildFile; fileRef = 37A0045425BBC2D7001D39B9 /* iOSCleanUITests.swift */; };
		37A0048225BBCF49001D39B9 /* TodolistPresenter.swift in Sources */ = {isa = PBXBuildFile; fileRef = 37A0048125BBCF49001D39B9 /* TodolistPresenter.swift */; };
		A91E7E233662DDE570C4D723 /* Pods_iOSClean.framework in Frameworks */ = {isa = PBXBuildFile; fileRef = 59791A500D849FCCB526AC26 /* Pods_iOSClean.framework */; };
		EDFBDD040AF5E0A1A5D67D57 /* Pods_iOSCleanTests.framework in Frameworks */ = {isa = PBXBuildFile; fileRef = 616F1AF45F0D0C6351D4CB6A /* Pods_iOSCleanTests.framework */; };
/* End PBXBuildFile section */

/* Begin PBXContainerItemProxy section */
		37A0044625BBC2D7001D39B9 /* PBXContainerItemProxy */ = {
			isa = PBXContainerItemProxy;
			containerPortal = 37A0042725BBC2D6001D39B9 /* Project object */;
			proxyType = 1;
			remoteGlobalIDString = 37A0042E25BBC2D6001D39B9;
			remoteInfo = iOSClean;
		};
		37A0045125BBC2D7001D39B9 /* PBXContainerItemProxy */ = {
			isa = PBXContainerItemProxy;
			containerPortal = 37A0042725BBC2D6001D39B9 /* Project object */;
			proxyType = 1;
			remoteGlobalIDString = 37A0042E25BBC2D6001D39B9;
			remoteInfo = iOSClean;
		};
/* End PBXContainerItemProxy section */

/* Begin PBXFileReference section */
		07F4BAD518ABA338AB8D8918 /* Pods-iOSClean.release.xcconfig */ = {isa = PBXFileReference; includeInIndex = 1; lastKnownFileType = text.xcconfig; name = "Pods-iOSClean.release.xcconfig"; path = "Target Support Files/Pods-iOSClean/Pods-iOSClean.release.xcconfig"; sourceTree = "<group>"; };
		29116BB115E27FFB857A506E /* Pods-iOSClean.debug.xcconfig */ = {isa = PBXFileReference; includeInIndex = 1; lastKnownFileType = text.xcconfig; name = "Pods-iOSClean.debug.xcconfig"; path = "Target Support Files/Pods-iOSClean/Pods-iOSClean.debug.xcconfig"; sourceTree = "<group>"; };
		2C1622A311FCB6C2A5586554 /* Pods_iOSClean_iOSCleanUITests.framework */ = {isa = PBXFileReference; explicitFileType = wrapper.framework; includeInIndex = 0; path = Pods_iOSClean_iOSCleanUITests.framework; sourceTree = BUILT_PRODUCTS_DIR; };
		3713FA4225BBDC210082490A /* TodolistInteractor.swift */ = {isa = PBXFileReference; lastKnownFileType = sourcecode.swift; path = TodolistInteractor.swift; sourceTree = "<group>"; };
		3713FA4725BBDD270082490A /* TodolistWorker.swift */ = {isa = PBXFileReference; lastKnownFileType = sourcecode.swift; path = TodolistWorker.swift; sourceTree = "<group>"; };
		3713FA4F25BBE0ED0082490A /* TodoItemTableViewCell.swift */ = {isa = PBXFileReference; lastKnownFileType = sourcecode.swift; path = TodoItemTableViewCell.swift; sourceTree = "<group>"; };
		3713FA5B25BBF0E70082490A /* TodolistModelTests.swift */ = {isa = PBXFileReference; lastKnownFileType = sourcecode.swift; path = TodolistModelTests.swift; sourceTree = "<group>"; };
		374B919A25BBD353006AD053 /* TodoListModel.swift */ = {isa = PBXFileReference; lastKnownFileType = sourcecode.swift; path = TodoListModel.swift; sourceTree = "<group>"; };
		3774610E21B850B919B059BE /* Pods-iOSClean-iOSCleanUITests.debug.xcconfig */ = {isa = PBXFileReference; includeInIndex = 1; lastKnownFileType = text.xcconfig; name = "Pods-iOSClean-iOSCleanUITests.debug.xcconfig"; path = "Target Support Files/Pods-iOSClean-iOSCleanUITests/Pods-iOSClean-iOSCleanUITests.debug.xcconfig"; sourceTree = "<group>"; };
		37A0042F25BBC2D6001D39B9 /* iOSClean.app */ = {isa = PBXFileReference; explicitFileType = wrapper.application; includeInIndex = 0; path = iOSClean.app; sourceTree = BUILT_PRODUCTS_DIR; };
		37A0043225BBC2D6001D39B9 /* AppDelegate.swift */ = {isa = PBXFileReference; lastKnownFileType = sourcecode.swift; path = AppDelegate.swift; sourceTree = "<group>"; };
		37A0043425BBC2D6001D39B9 /* SceneDelegate.swift */ = {isa = PBXFileReference; lastKnownFileType = sourcecode.swift; path = SceneDelegate.swift; sourceTree = "<group>"; };
		37A0043625BBC2D6001D39B9 /* TodolistViewController.swift */ = {isa = PBXFileReference; lastKnownFileType = sourcecode.swift; path = TodolistViewController.swift; sourceTree = "<group>"; };
		37A0043925BBC2D6001D39B9 /* Base */ = {isa = PBXFileReference; lastKnownFileType = file.storyboard; name = Base; path = Base.lproj/Main.storyboard; sourceTree = "<group>"; };
		37A0043B25BBC2D7001D39B9 /* Assets.xcassets */ = {isa = PBXFileReference; lastKnownFileType = folder.assetcatalog; path = Assets.xcassets; sourceTree = "<group>"; };
		37A0043E25BBC2D7001D39B9 /* Base */ = {isa = PBXFileReference; lastKnownFileType = file.storyboard; name = Base; path = Base.lproj/LaunchScreen.storyboard; sourceTree = "<group>"; };
		37A0044025BBC2D7001D39B9 /* Info.plist */ = {isa = PBXFileReference; lastKnownFileType = text.plist.xml; path = Info.plist; sourceTree = "<group>"; };
		37A0044525BBC2D7001D39B9 /* iOSCleanTests.xctest */ = {isa = PBXFileReference; explicitFileType = wrapper.cfbundle; includeInIndex = 0; path = iOSCleanTests.xctest; sourceTree = BUILT_PRODUCTS_DIR; };
		37A0044B25BBC2D7001D39B9 /* Info.plist */ = {isa = PBXFileReference; lastKnownFileType = text.plist.xml; path = Info.plist; sourceTree = "<group>"; };
		37A0045025BBC2D7001D39B9 /* iOSCleanUITests.xctest */ = {isa = PBXFileReference; explicitFileType = wrapper.cfbundle; includeInIndex = 0; path = iOSCleanUITests.xctest; sourceTree = BUILT_PRODUCTS_DIR; };
		37A0045425BBC2D7001D39B9 /* iOSCleanUITests.swift */ = {isa = PBXFileReference; lastKnownFileType = sourcecode.swift; path = iOSCleanUITests.swift; sourceTree = "<group>"; };
		37A0045625BBC2D7001D39B9 /* Info.plist */ = {isa = PBXFileReference; lastKnownFileType = text.plist.xml; path = Info.plist; sourceTree = "<group>"; };
		37A0048125BBCF49001D39B9 /* TodolistPresenter.swift */ = {isa = PBXFileReference; lastKnownFileType = sourcecode.swift; path = TodolistPresenter.swift; sourceTree = "<group>"; };
		59791A500D849FCCB526AC26 /* Pods_iOSClean.framework */ = {isa = PBXFileReference; explicitFileType = wrapper.framework; includeInIndex = 0; path = Pods_iOSClean.framework; sourceTree = BUILT_PRODUCTS_DIR; };
		616F1AF45F0D0C6351D4CB6A /* Pods_iOSCleanTests.framework */ = {isa = PBXFileReference; explicitFileType = wrapper.framework; includeInIndex = 0; path = Pods_iOSCleanTests.framework; sourceTree = BUILT_PRODUCTS_DIR; };
		7887335E59E4D58766D3DB4E /* Pods-iOSClean-iOSCleanUITests.release.xcconfig */ = {isa = PBXFileReference; includeInIndex = 1; lastKnownFileType = text.xcconfig; name = "Pods-iOSClean-iOSCleanUITests.release.xcconfig"; path = "Target Support Files/Pods-iOSClean-iOSCleanUITests/Pods-iOSClean-iOSCleanUITests.release.xcconfig"; sourceTree = "<group>"; };
		84C6D8DC467747FF9FC6A1AE /* Pods-iOSCleanTests.release.xcconfig */ = {isa = PBXFileReference; includeInIndex = 1; lastKnownFileType = text.xcconfig; name = "Pods-iOSCleanTests.release.xcconfig"; path = "Target Support Files/Pods-iOSCleanTests/Pods-iOSCleanTests.release.xcconfig"; sourceTree = "<group>"; };
		D66574B9BBB85FACBAE4D6C6 /* Pods-iOSCleanTests.debug.xcconfig */ = {isa = PBXFileReference; includeInIndex = 1; lastKnownFileType = text.xcconfig; name = "Pods-iOSCleanTests.debug.xcconfig"; path = "Target Support Files/Pods-iOSCleanTests/Pods-iOSCleanTests.debug.xcconfig"; sourceTree = "<group>"; };
/* End PBXFileReference section */

/* Begin PBXFrameworksBuildPhase section */
		37A0042C25BBC2D6001D39B9 /* Frameworks */ = {
			isa = PBXFrameworksBuildPhase;
			buildActionMask = 2147483647;
			files = (
				A91E7E233662DDE570C4D723 /* Pods_iOSClean.framework in Frameworks */,
			);
			runOnlyForDeploymentPostprocessing = 0;
		};
		37A0044225BBC2D7001D39B9 /* Frameworks */ = {
			isa = PBXFrameworksBuildPhase;
			buildActionMask = 2147483647;
			files = (
				EDFBDD040AF5E0A1A5D67D57 /* Pods_iOSCleanTests.framework in Frameworks */,
			);
			runOnlyForDeploymentPostprocessing = 0;
		};
		37A0044D25BBC2D7001D39B9 /* Frameworks */ = {
			isa = PBXFrameworksBuildPhase;
			buildActionMask = 2147483647;
			files = (
				0E10C6B7D45B04F8ECC41990 /* Pods_iOSClean_iOSCleanUITests.framework in Frameworks */,
			);
			runOnlyForDeploymentPostprocessing = 0;
		};
/* End PBXFrameworksBuildPhase section */

/* Begin PBXGroup section */
		1770F918933E7716D7F43263 /* Pods */ = {
			isa = PBXGroup;
			children = (
				29116BB115E27FFB857A506E /* Pods-iOSClean.debug.xcconfig */,
				07F4BAD518ABA338AB8D8918 /* Pods-iOSClean.release.xcconfig */,
				3774610E21B850B919B059BE /* Pods-iOSClean-iOSCleanUITests.debug.xcconfig */,
				7887335E59E4D58766D3DB4E /* Pods-iOSClean-iOSCleanUITests.release.xcconfig */,
				D66574B9BBB85FACBAE4D6C6 /* Pods-iOSCleanTests.debug.xcconfig */,
				84C6D8DC467747FF9FC6A1AE /* Pods-iOSCleanTests.release.xcconfig */,
			);
			path = Pods;
			sourceTree = "<group>";
		};
		3713FA5A25BBF0CC0082490A /* TodolistTests */ = {
			isa = PBXGroup;
			children = (
				3713FA5B25BBF0E70082490A /* TodolistModelTests.swift */,
			);
			path = TodolistTests;
			sourceTree = "<group>";
		};
		37A0042625BBC2D6001D39B9 = {
			isa = PBXGroup;
			children = (
				37A0043125BBC2D6001D39B9 /* iOSClean */,
				37A0044825BBC2D7001D39B9 /* iOSCleanTests */,
				37A0045325BBC2D7001D39B9 /* iOSCleanUITests */,
				37A0043025BBC2D6001D39B9 /* Products */,
				1770F918933E7716D7F43263 /* Pods */,
				7099E891F0C01EF5DF906027 /* Frameworks */,
			);
			sourceTree = "<group>";
		};
		37A0043025BBC2D6001D39B9 /* Products */ = {
			isa = PBXGroup;
			children = (
				37A0042F25BBC2D6001D39B9 /* iOSClean.app */,
				37A0044525BBC2D7001D39B9 /* iOSCleanTests.xctest */,
				37A0045025BBC2D7001D39B9 /* iOSCleanUITests.xctest */,
			);
			name = Products;
			sourceTree = "<group>";
		};
		37A0043125BBC2D6001D39B9 /* iOSClean */ = {
			isa = PBXGroup;
			children = (
				37A0043225BBC2D6001D39B9 /* AppDelegate.swift */,
				37A0043425BBC2D6001D39B9 /* SceneDelegate.swift */,
				37A0043825BBC2D6001D39B9 /* Main.storyboard */,
				37A0047725BBCF18001D39B9 /* Todolist */,
				37A0043B25BBC2D7001D39B9 /* Assets.xcassets */,
				37A0043D25BBC2D7001D39B9 /* LaunchScreen.storyboard */,
				37A0044025BBC2D7001D39B9 /* Info.plist */,
			);
			path = iOSClean;
			sourceTree = "<group>";
		};
		37A0044825BBC2D7001D39B9 /* iOSCleanTests */ = {
			isa = PBXGroup;
			children = (
				37A0044B25BBC2D7001D39B9 /* Info.plist */,
			);
			path = iOSCleanTests;
			sourceTree = "<group>";
		};
		37A0045325BBC2D7001D39B9 /* iOSCleanUITests */ = {
			isa = PBXGroup;
			children = (
				37A0045425BBC2D7001D39B9 /* iOSCleanUITests.swift */,
				37A0045625BBC2D7001D39B9 /* Info.plist */,
			);
			path = iOSCleanUITests;
			sourceTree = "<group>";
		};
		37A0047725BBCF18001D39B9 /* Todolist */ = {
			isa = PBXGroup;
			children = (
				37A0043625BBC2D6001D39B9 /* TodolistViewController.swift */,
				3713FA4F25BBE0ED0082490A /* TodoItemTableViewCell.swift */,
				3713FA4225BBDC210082490A /* TodolistInteractor.swift */,
				3713FA4725BBDD270082490A /* TodolistWorker.swift */,
				37A0048125BBCF49001D39B9 /* TodolistPresenter.swift */,
				374B919A25BBD353006AD053 /* TodoListModel.swift */,
				3713FA5A25BBF0CC0082490A /* TodolistTests */,
			);
			path = Todolist;
			sourceTree = "<group>";
		};
		7099E891F0C01EF5DF906027 /* Frameworks */ = {
			isa = PBXGroup;
			children = (
				59791A500D849FCCB526AC26 /* Pods_iOSClean.framework */,
				2C1622A311FCB6C2A5586554 /* Pods_iOSClean_iOSCleanUITests.framework */,
				616F1AF45F0D0C6351D4CB6A /* Pods_iOSCleanTests.framework */,
			);
			name = Frameworks;
			sourceTree = "<group>";
		};
/* End PBXGroup section */

/* Begin PBXNativeTarget section */
		37A0042E25BBC2D6001D39B9 /* iOSClean */ = {
			isa = PBXNativeTarget;
			buildConfigurationList = 37A0045925BBC2D7001D39B9 /* Build configuration list for PBXNativeTarget "iOSClean" */;
			buildPhases = (
				6C655693E5DB86BAC6AC5C94 /* [CP] Check Pods Manifest.lock */,
				37A0042B25BBC2D6001D39B9 /* Sources */,
				37A0042C25BBC2D6001D39B9 /* Frameworks */,
				37A0042D25BBC2D6001D39B9 /* Resources */,
				D2E4B6FE5D54DE06C498FE11 /* [CP] Embed Pods Frameworks */,
			);
			buildRules = (
			);
			dependencies = (
			);
			name = iOSClean;
			productName = iOSClean;
			productReference = 37A0042F25BBC2D6001D39B9 /* iOSClean.app */;
			productType = "com.apple.product-type.application";
		};
		37A0044425BBC2D7001D39B9 /* iOSCleanTests */ = {
			isa = PBXNativeTarget;
			buildConfigurationList = 37A0045C25BBC2D7001D39B9 /* Build configuration list for PBXNativeTarget "iOSCleanTests" */;
			buildPhases = (
				B0B60B15108B580663CC9F18 /* [CP] Check Pods Manifest.lock */,
				37A0044125BBC2D7001D39B9 /* Sources */,
				37A0044225BBC2D7001D39B9 /* Frameworks */,
				37A0044325BBC2D7001D39B9 /* Resources */,
				31AEB6159B5C169EFF633E7D /* [CP] Embed Pods Frameworks */,
			);
			buildRules = (
			);
			dependencies = (
				37A0044725BBC2D7001D39B9 /* PBXTargetDependency */,
			);
			name = iOSCleanTests;
			productName = iOSCleanTests;
			productReference = 37A0044525BBC2D7001D39B9 /* iOSCleanTests.xctest */;
			productType = "com.apple.product-type.bundle.unit-test";
		};
		37A0044F25BBC2D7001D39B9 /* iOSCleanUITests */ = {
			isa = PBXNativeTarget;
			buildConfigurationList = 37A0045F25BBC2D7001D39B9 /* Build configuration list for PBXNativeTarget "iOSCleanUITests" */;
			buildPhases = (
				9AABC109A1B075C816ACFB5E /* [CP] Check Pods Manifest.lock */,
				37A0044C25BBC2D7001D39B9 /* Sources */,
				37A0044D25BBC2D7001D39B9 /* Frameworks */,
				37A0044E25BBC2D7001D39B9 /* Resources */,
				91BBDF66BDB1DA9F42C62CA0 /* [CP] Embed Pods Frameworks */,
			);
			buildRules = (
			);
			dependencies = (
				37A0045225BBC2D7001D39B9 /* PBXTargetDependency */,
			);
			name = iOSCleanUITests;
			productName = iOSCleanUITests;
			productReference = 37A0045025BBC2D7001D39B9 /* iOSCleanUITests.xctest */;
			productType = "com.apple.product-type.bundle.ui-testing";
		};
/* End PBXNativeTarget section */

/* Begin PBXProject section */
		37A0042725BBC2D6001D39B9 /* Project object */ = {
			isa = PBXProject;
			attributes = {
				LastSwiftUpdateCheck = 1230;
				LastUpgradeCheck = 1230;
				TargetAttributes = {
					37A0042E25BBC2D6001D39B9 = {
						CreatedOnToolsVersion = 12.3;
					};
					37A0044425BBC2D7001D39B9 = {
						CreatedOnToolsVersion = 12.3;
						TestTargetID = 37A0042E25BBC2D6001D39B9;
					};
					37A0044F25BBC2D7001D39B9 = {
						CreatedOnToolsVersion = 12.3;
						TestTargetID = 37A0042E25BBC2D6001D39B9;
					};
				};
			};
			buildConfigurationList = 37A0042A25BBC2D6001D39B9 /* Build configuration list for PBXProject "iOSClean" */;
			compatibilityVersion = "Xcode 9.3";
			developmentRegion = en;
			hasScannedForEncodings = 0;
			knownRegions = (
				en,
				Base,
			);
			mainGroup = 37A0042625BBC2D6001D39B9;
			productRefGroup = 37A0043025BBC2D6001D39B9 /* Products */;
			projectDirPath = "";
			projectRoot = "";
			targets = (
				37A0042E25BBC2D6001D39B9 /* iOSClean */,
				37A0044425BBC2D7001D39B9 /* iOSCleanTests */,
				37A0044F25BBC2D7001D39B9 /* iOSCleanUITests */,
			);
		};
/* End PBXProject section */

/* Begin PBXResourcesBuildPhase section */
		37A0042D25BBC2D6001D39B9 /* Resources */ = {
			isa = PBXResourcesBuildPhase;
			buildActionMask = 2147483647;
			files = (
				37A0043F25BBC2D7001D39B9 /* LaunchScreen.storyboard in Resources */,
				37A0043C25BBC2D7001D39B9 /* Assets.xcassets in Resources */,
				37A0043A25BBC2D6001D39B9 /* Main.storyboard in Resources */,
			);
			runOnlyForDeploymentPostprocessing = 0;
		};
		37A0044325BBC2D7001D39B9 /* Resources */ = {
			isa = PBXResourcesBuildPhase;
			buildActionMask = 2147483647;
			files = (
			);
			runOnlyForDeploymentPostprocessing = 0;
		};
		37A0044E25BBC2D7001D39B9 /* Resources */ = {
			isa = PBXResourcesBuildPhase;
			buildActionMask = 2147483647;
			files = (
			);
			runOnlyForDeploymentPostprocessing = 0;
		};
/* End PBXResourcesBuildPhase section */

/* Begin PBXShellScriptBuildPhase section */
		31AEB6159B5C169EFF633E7D /* [CP] Embed Pods Frameworks */ = {
			isa = PBXShellScriptBuildPhase;
			buildActionMask = 2147483647;
			files = (
			);
			inputFileListPaths = (
				"${PODS_ROOT}/Target Support Files/Pods-iOSCleanTests/Pods-iOSCleanTests-frameworks-${CONFIGURATION}-input-files.xcfilelist",
			);
			name = "[CP] Embed Pods Frameworks";
			outputFileListPaths = (
				"${PODS_ROOT}/Target Support Files/Pods-iOSCleanTests/Pods-iOSCleanTests-frameworks-${CONFIGURATION}-output-files.xcfilelist",
			);
			runOnlyForDeploymentPostprocessing = 0;
			shellPath = /bin/sh;
			shellScript = "\"${PODS_ROOT}/Target Support Files/Pods-iOSCleanTests/Pods-iOSCleanTests-frameworks.sh\"\n";
			showEnvVarsInLog = 0;
		};
		6C655693E5DB86BAC6AC5C94 /* [CP] Check Pods Manifest.lock */ = {
			isa = PBXShellScriptBuildPhase;
			buildActionMask = 2147483647;
			files = (
			);
			inputFileListPaths = (
			);
			inputPaths = (
				"${PODS_PODFILE_DIR_PATH}/Podfile.lock",
				"${PODS_ROOT}/Manifest.lock",
			);
			name = "[CP] Check Pods Manifest.lock";
			outputFileListPaths = (
			);
			outputPaths = (
				"$(DERIVED_FILE_DIR)/Pods-iOSClean-checkManifestLockResult.txt",
			);
			runOnlyForDeploymentPostprocessing = 0;
			shellPath = /bin/sh;
			shellScript = "diff \"${PODS_PODFILE_DIR_PATH}/Podfile.lock\" \"${PODS_ROOT}/Manifest.lock\" > /dev/null\nif [ $? != 0 ] ; then\n    # print error to STDERR\n    echo \"error: The sandbox is not in sync with the Podfile.lock. Run 'pod install' or update your CocoaPods installation.\" >&2\n    exit 1\nfi\n# This output is used by Xcode 'outputs' to avoid re-running this script phase.\necho \"SUCCESS\" > \"${SCRIPT_OUTPUT_FILE_0}\"\n";
			showEnvVarsInLog = 0;
		};
		91BBDF66BDB1DA9F42C62CA0 /* [CP] Embed Pods Frameworks */ = {
			isa = PBXShellScriptBuildPhase;
			buildActionMask = 2147483647;
			files = (
			);
			inputFileListPaths = (
				"${PODS_ROOT}/Target Support Files/Pods-iOSClean-iOSCleanUITests/Pods-iOSClean-iOSCleanUITests-frameworks-${CONFIGURATION}-input-files.xcfilelist",
			);
			name = "[CP] Embed Pods Frameworks";
			outputFileListPaths = (
				"${PODS_ROOT}/Target Support Files/Pods-iOSClean-iOSCleanUITests/Pods-iOSClean-iOSCleanUITests-frameworks-${CONFIGURATION}-output-files.xcfilelist",
			);
			runOnlyForDeploymentPostprocessing = 0;
			shellPath = /bin/sh;
			shellScript = "\"${PODS_ROOT}/Target Support Files/Pods-iOSClean-iOSCleanUITests/Pods-iOSClean-iOSCleanUITests-frameworks.sh\"\n";
			showEnvVarsInLog = 0;
		};
		9AABC109A1B075C816ACFB5E /* [CP] Check Pods Manifest.lock */ = {
			isa = PBXShellScriptBuildPhase;
			buildActionMask = 2147483647;
			files = (
			);
			inputFileListPaths = (
			);
			inputPaths = (
				"${PODS_PODFILE_DIR_PATH}/Podfile.lock",
				"${PODS_ROOT}/Manifest.lock",
			);
			name = "[CP] Check Pods Manifest.lock";
			outputFileListPaths = (
			);
			outputPaths = (
				"$(DERIVED_FILE_DIR)/Pods-iOSClean-iOSCleanUITests-checkManifestLockResult.txt",
			);
			runOnlyForDeploymentPostprocessing = 0;
			shellPath = /bin/sh;
			shellScript = "diff \"${PODS_PODFILE_DIR_PATH}/Podfile.lock\" \"${PODS_ROOT}/Manifest.lock\" > /dev/null\nif [ $? != 0 ] ; then\n    # print error to STDERR\n    echo \"error: The sandbox is not in sync with the Podfile.lock. Run 'pod install' or update your CocoaPods installation.\" >&2\n    exit 1\nfi\n# This output is used by Xcode 'outputs' to avoid re-running this script phase.\necho \"SUCCESS\" > \"${SCRIPT_OUTPUT_FILE_0}\"\n";
			showEnvVarsInLog = 0;
		};
		B0B60B15108B580663CC9F18 /* [CP] Check Pods Manifest.lock */ = {
			isa = PBXShellScriptBuildPhase;
			buildActionMask = 2147483647;
			files = (
			);
			inputFileListPaths = (
			);
			inputPaths = (
				"${PODS_PODFILE_DIR_PATH}/Podfile.lock",
				"${PODS_ROOT}/Manifest.lock",
			);
			name = "[CP] Check Pods Manifest.lock";
			outputFileListPaths = (
			);
			outputPaths = (
				"$(DERIVED_FILE_DIR)/Pods-iOSCleanTests-checkManifestLockResult.txt",
			);
			runOnlyForDeploymentPostprocessing = 0;
			shellPath = /bin/sh;
			shellScript = "diff \"${PODS_PODFILE_DIR_PATH}/Podfile.lock\" \"${PODS_ROOT}/Manifest.lock\" > /dev/null\nif [ $? != 0 ] ; then\n    # print error to STDERR\n    echo \"error: The sandbox is not in sync with the Podfile.lock. Run 'pod install' or update your CocoaPods installation.\" >&2\n    exit 1\nfi\n# This output is used by Xcode 'outputs' to avoid re-running this script phase.\necho \"SUCCESS\" > \"${SCRIPT_OUTPUT_FILE_0}\"\n";
			showEnvVarsInLog = 0;
		};
		D2E4B6FE5D54DE06C498FE11 /* [CP] Embed Pods Frameworks */ = {
			isa = PBXShellScriptBuildPhase;
			buildActionMask = 2147483647;
			files = (
			);
			inputFileListPaths = (
				"${PODS_ROOT}/Target Support Files/Pods-iOSClean/Pods-iOSClean-frameworks-${CONFIGURATION}-input-files.xcfilelist",
			);
			name = "[CP] Embed Pods Frameworks";
			outputFileListPaths = (
				"${PODS_ROOT}/Target Support Files/Pods-iOSClean/Pods-iOSClean-frameworks-${CONFIGURATION}-output-files.xcfilelist",
			);
			runOnlyForDeploymentPostprocessing = 0;
			shellPath = /bin/sh;
			shellScript = "\"${PODS_ROOT}/Target Support Files/Pods-iOSClean/Pods-iOSClean-frameworks.sh\"\n";
			showEnvVarsInLog = 0;
		};
/* End PBXShellScriptBuildPhase section */

/* Begin PBXSourcesBuildPhase section */
		37A0042B25BBC2D6001D39B9 /* Sources */ = {
			isa = PBXSourcesBuildPhase;
			buildActionMask = 2147483647;
			files = (
				3713FA4325BBDC210082490A /* TodolistInteractor.swift in Sources */,
				374B919B25BBD353006AD053 /* TodoListModel.swift in Sources */,
				37A0043725BBC2D6001D39B9 /* TodolistViewController.swift in Sources */,
				37A0043325BBC2D6001D39B9 /* AppDelegate.swift in Sources */,
				37A0043525BBC2D6001D39B9 /* SceneDelegate.swift in Sources */,
				3713FA4825BBDD270082490A /* TodolistWorker.swift in Sources */,
				3713FA5025BBE0ED0082490A /* TodoItemTableViewCell.swift in Sources */,
				37A0048225BBCF49001D39B9 /* TodolistPresenter.swift in Sources */,
			);
			runOnlyForDeploymentPostprocessing = 0;
		};
		37A0044125BBC2D7001D39B9 /* Sources */ = {
			isa = PBXSourcesBuildPhase;
			buildActionMask = 2147483647;
			files = (
				3713FA5C25BBF0E70082490A /* TodolistModelTests.swift in Sources */,
			);
			runOnlyForDeploymentPostprocessing = 0;
		};
		37A0044C25BBC2D7001D39B9 /* Sources */ = {
			isa = PBXSourcesBuildPhase;
			buildActionMask = 2147483647;
			files = (
				37A0045525BBC2D7001D39B9 /* iOSCleanUITests.swift in Sources */,
			);
			runOnlyForDeploymentPostprocessing = 0;
		};
/* End PBXSourcesBuildPhase section */

/* Begin PBXTargetDependency section */
		37A0044725BBC2D7001D39B9 /* PBXTargetDependency */ = {
			isa = PBXTargetDependency;
			target = 37A0042E25BBC2D6001D39B9 /* iOSClean */;
			targetProxy = 37A0044625BBC2D7001D39B9 /* PBXContainerItemProxy */;
		};
		37A0045225BBC2D7001D39B9 /* PBXTargetDependency */ = {
			isa = PBXTargetDependency;
			target = 37A0042E25BBC2D6001D39B9 /* iOSClean */;
			targetProxy = 37A0045125BBC2D7001D39B9 /* PBXContainerItemProxy */;
		};
/* End PBXTargetDependency section */

/* Begin PBXVariantGroup section */
		37A0043825BBC2D6001D39B9 /* Main.storyboard */ = {
			isa = PBXVariantGroup;
			children = (
				37A0043925BBC2D6001D39B9 /* Base */,
			);
			name = Main.storyboard;
			sourceTree = "<group>";
		};
		37A0043D25BBC2D7001D39B9 /* LaunchScreen.storyboard */ = {
			isa = PBXVariantGroup;
			children = (
				37A0043E25BBC2D7001D39B9 /* Base */,
			);
			name = LaunchScreen.storyboard;
			sourceTree = "<group>";
		};
/* End PBXVariantGroup section */

/* Begin XCBuildConfiguration section */
		37A0045725BBC2D7001D39B9 /* Debug */ = {
			isa = XCBuildConfiguration;
			buildSettings = {
				ALWAYS_SEARCH_USER_PATHS = NO;
				CLANG_ANALYZER_NONNULL = YES;
				CLANG_ANALYZER_NUMBER_OBJECT_CONVERSION = YES_AGGRESSIVE;
				CLANG_CXX_LANGUAGE_STANDARD = "gnu++14";
				CLANG_CXX_LIBRARY = "libc++";
				CLANG_ENABLE_MODULES = YES;
				CLANG_ENABLE_OBJC_ARC = YES;
				CLANG_ENABLE_OBJC_WEAK = YES;
				CLANG_WARN_BLOCK_CAPTURE_AUTORELEASING = YES;
				CLANG_WARN_BOOL_CONVERSION = YES;
				CLANG_WARN_COMMA = YES;
				CLANG_WARN_CONSTANT_CONVERSION = YES;
				CLANG_WARN_DEPRECATED_OBJC_IMPLEMENTATIONS = YES;
				CLANG_WARN_DIRECT_OBJC_ISA_USAGE = YES_ERROR;
				CLANG_WARN_DOCUMENTATION_COMMENTS = YES;
				CLANG_WARN_EMPTY_BODY = YES;
				CLANG_WARN_ENUM_CONVERSION = YES;
				CLANG_WARN_INFINITE_RECURSION = YES;
				CLANG_WARN_INT_CONVERSION = YES;
				CLANG_WARN_NON_LITERAL_NULL_CONVERSION = YES;
				CLANG_WARN_OBJC_IMPLICIT_RETAIN_SELF = YES;
				CLANG_WARN_OBJC_LITERAL_CONVERSION = YES;
				CLANG_WARN_OBJC_ROOT_CLASS = YES_ERROR;
				CLANG_WARN_QUOTED_INCLUDE_IN_FRAMEWORK_HEADER = YES;
				CLANG_WARN_RANGE_LOOP_ANALYSIS = YES;
				CLANG_WARN_STRICT_PROTOTYPES = YES;
				CLANG_WARN_SUSPICIOUS_MOVE = YES;
				CLANG_WARN_UNGUARDED_AVAILABILITY = YES_AGGRESSIVE;
				CLANG_WARN_UNREACHABLE_CODE = YES;
				CLANG_WARN__DUPLICATE_METHOD_MATCH = YES;
				COPY_PHASE_STRIP = NO;
				DEBUG_INFORMATION_FORMAT = dwarf;
				ENABLE_STRICT_OBJC_MSGSEND = YES;
				ENABLE_TESTABILITY = YES;
				GCC_C_LANGUAGE_STANDARD = gnu11;
				GCC_DYNAMIC_NO_PIC = NO;
				GCC_NO_COMMON_BLOCKS = YES;
				GCC_OPTIMIZATION_LEVEL = 0;
				GCC_PREPROCESSOR_DEFINITIONS = (
					"DEBUG=1",
					"$(inherited)",
				);
				GCC_WARN_64_TO_32_BIT_CONVERSION = YES;
				GCC_WARN_ABOUT_RETURN_TYPE = YES_ERROR;
				GCC_WARN_UNDECLARED_SELECTOR = YES;
				GCC_WARN_UNINITIALIZED_AUTOS = YES_AGGRESSIVE;
				GCC_WARN_UNUSED_FUNCTION = YES;
				GCC_WARN_UNUSED_VARIABLE = YES;
				IPHONEOS_DEPLOYMENT_TARGET = 14.3;
				MTL_ENABLE_DEBUG_INFO = INCLUDE_SOURCE;
				MTL_FAST_MATH = YES;
				ONLY_ACTIVE_ARCH = YES;
				SDKROOT = iphoneos;
				SWIFT_ACTIVE_COMPILATION_CONDITIONS = DEBUG;
				SWIFT_OPTIMIZATION_LEVEL = "-Onone";
			};
			name = Debug;
		};
		37A0045825BBC2D7001D39B9 /* Release */ = {
			isa = XCBuildConfiguration;
			buildSettings = {
				ALWAYS_SEARCH_USER_PATHS = NO;
				CLANG_ANALYZER_NONNULL = YES;
				CLANG_ANALYZER_NUMBER_OBJECT_CONVERSION = YES_AGGRESSIVE;
				CLANG_CXX_LANGUAGE_STANDARD = "gnu++14";
				CLANG_CXX_LIBRARY = "libc++";
				CLANG_ENABLE_MODULES = YES;
				CLANG_ENABLE_OBJC_ARC = YES;
				CLANG_ENABLE_OBJC_WEAK = YES;
				CLANG_WARN_BLOCK_CAPTURE_AUTORELEASING = YES;
				CLANG_WARN_BOOL_CONVERSION = YES;
				CLANG_WARN_COMMA = YES;
				CLANG_WARN_CONSTANT_CONVERSION = YES;
				CLANG_WARN_DEPRECATED_OBJC_IMPLEMENTATIONS = YES;
				CLANG_WARN_DIRECT_OBJC_ISA_USAGE = YES_ERROR;
				CLANG_WARN_DOCUMENTATION_COMMENTS = YES;
				CLANG_WARN_EMPTY_BODY = YES;
				CLANG_WARN_ENUM_CONVERSION = YES;
				CLANG_WARN_INFINITE_RECURSION = YES;
				CLANG_WARN_INT_CONVERSION = YES;
				CLANG_WARN_NON_LITERAL_NULL_CONVERSION = YES;
				CLANG_WARN_OBJC_IMPLICIT_RETAIN_SELF = YES;
				CLANG_WARN_OBJC_LITERAL_CONVERSION = YES;
				CLANG_WARN_OBJC_ROOT_CLASS = YES_ERROR;
				CLANG_WARN_QUOTED_INCLUDE_IN_FRAMEWORK_HEADER = YES;
				CLANG_WARN_RANGE_LOOP_ANALYSIS = YES;
				CLANG_WARN_STRICT_PROTOTYPES = YES;
				CLANG_WARN_SUSPICIOUS_MOVE = YES;
				CLANG_WARN_UNGUARDED_AVAILABILITY = YES_AGGRESSIVE;
				CLANG_WARN_UNREACHABLE_CODE = YES;
				CLANG_WARN__DUPLICATE_METHOD_MATCH = YES;
				COPY_PHASE_STRIP = NO;
				DEBUG_INFORMATION_FORMAT = "dwarf-with-dsym";
				ENABLE_NS_ASSERTIONS = NO;
				ENABLE_STRICT_OBJC_MSGSEND = YES;
				GCC_C_LANGUAGE_STANDARD = gnu11;
				GCC_NO_COMMON_BLOCKS = YES;
				GCC_WARN_64_TO_32_BIT_CONVERSION = YES;
				GCC_WARN_ABOUT_RETURN_TYPE = YES_ERROR;
				GCC_WARN_UNDECLARED_SELECTOR = YES;
				GCC_WARN_UNINITIALIZED_AUTOS = YES_AGGRESSIVE;
				GCC_WARN_UNUSED_FUNCTION = YES;
				GCC_WARN_UNUSED_VARIABLE = YES;
				IPHONEOS_DEPLOYMENT_TARGET = 14.3;
				MTL_ENABLE_DEBUG_INFO = NO;
				MTL_FAST_MATH = YES;
				SDKROOT = iphoneos;
				SWIFT_COMPILATION_MODE = wholemodule;
				SWIFT_OPTIMIZATION_LEVEL = "-O";
				VALIDATE_PRODUCT = YES;
			};
			name = Release;
		};
		37A0045A25BBC2D7001D39B9 /* Debug */ = {
			isa = XCBuildConfiguration;
			baseConfigurationReference = 29116BB115E27FFB857A506E /* Pods-iOSClean.debug.xcconfig */;
			buildSettings = {
				ASSETCATALOG_COMPILER_APPICON_NAME = AppIcon;
				ASSETCATALOG_COMPILER_GLOBAL_ACCENT_COLOR_NAME = AccentColor;
				CODE_SIGN_STYLE = Automatic;
				INFOPLIST_FILE = iOSClean/Info.plist;
				LD_RUNPATH_SEARCH_PATHS = (
					"$(inherited)",
					"@executable_path/Frameworks",
				);
				PRODUCT_BUNDLE_IDENTIFIER = team.odds.iOSClean;
				PRODUCT_NAME = "$(TARGET_NAME)";
				SWIFT_VERSION = 5.0;
				TARGETED_DEVICE_FAMILY = "1,2";
			};
			name = Debug;
		};
		37A0045B25BBC2D7001D39B9 /* Release */ = {
			isa = XCBuildConfiguration;
			baseConfigurationReference = 07F4BAD518ABA338AB8D8918 /* Pods-iOSClean.release.xcconfig */;
			buildSettings = {
				ASSETCATALOG_COMPILER_APPICON_NAME = AppIcon;
				ASSETCATALOG_COMPILER_GLOBAL_ACCENT_COLOR_NAME = AccentColor;
				CODE_SIGN_STYLE = Automatic;
				INFOPLIST_FILE = iOSClean/Info.plist;
				LD_RUNPATH_SEARCH_PATHS = (
					"$(inherited)",
					"@executable_path/Frameworks",
				);
				PRODUCT_BUNDLE_IDENTIFIER = team.odds.iOSClean;
				PRODUCT_NAME = "$(TARGET_NAME)";
				SWIFT_VERSION = 5.0;
				TARGETED_DEVICE_FAMILY = "1,2";
			};
			name = Release;
		};
		37A0045D25BBC2D7001D39B9 /* Debug */ = {
			isa = XCBuildConfiguration;
			baseConfigurationReference = D66574B9BBB85FACBAE4D6C6 /* Pods-iOSCleanTests.debug.xcconfig */;
			buildSettings = {
				ALWAYS_EMBED_SWIFT_STANDARD_LIBRARIES = YES;
				BUNDLE_LOADER = "$(TEST_HOST)";
				CODE_SIGN_STYLE = Automatic;
				INFOPLIST_FILE = iOSCleanTests/Info.plist;
				IPHONEOS_DEPLOYMENT_TARGET = 14.3;
				LD_RUNPATH_SEARCH_PATHS = (
					"$(inherited)",
					"@executable_path/Frameworks",
					"@loader_path/Frameworks",
				);
				PRODUCT_BUNDLE_IDENTIFIER = team.odds.iOSCleanTests;
				PRODUCT_NAME = "$(TARGET_NAME)";
				SWIFT_VERSION = 5.0;
				TARGETED_DEVICE_FAMILY = "1,2";
				TEST_HOST = "$(BUILT_PRODUCTS_DIR)/iOSClean.app/iOSClean";
			};
			name = Debug;
		};
		37A0045E25BBC2D7001D39B9 /* Release */ = {
			isa = XCBuildConfiguration;
			baseConfigurationReference = 84C6D8DC467747FF9FC6A1AE /* Pods-iOSCleanTests.release.xcconfig */;
			buildSettings = {
				ALWAYS_EMBED_SWIFT_STANDARD_LIBRARIES = YES;
				BUNDLE_LOADER = "$(TEST_HOST)";
				CODE_SIGN_STYLE = Automatic;
				INFOPLIST_FILE = iOSCleanTests/Info.plist;
				IPHONEOS_DEPLOYMENT_TARGET = 14.3;
				LD_RUNPATH_SEARCH_PATHS = (
					"$(inherited)",
					"@executable_path/Frameworks",
					"@loader_path/Frameworks",
				);
				PRODUCT_BUNDLE_IDENTIFIER = team.odds.iOSCleanTests;
				PRODUCT_NAME = "$(TARGET_NAME)";
				SWIFT_VERSION = 5.0;
				TARGETED_DEVICE_FAMILY = "1,2";
				TEST_HOST = "$(BUILT_PRODUCTS_DIR)/iOSClean.app/iOSClean";
			};
			name = Release;
		};
		37A0046025BBC2D7001D39B9 /* Debug */ = {
			isa = XCBuildConfiguration;
			baseConfigurationReference = 3774610E21B850B919B059BE /* Pods-iOSClean-iOSCleanUITests.debug.xcconfig */;
			buildSettings = {
				ALWAYS_EMBED_SWIFT_STANDARD_LIBRARIES = YES;
				CODE_SIGN_STYLE = Automatic;
				INFOPLIST_FILE = iOSCleanUITests/Info.plist;
				LD_RUNPATH_SEARCH_PATHS = (
					"$(inherited)",
					"@executable_path/Frameworks",
					"@loader_path/Frameworks",
				);
				PRODUCT_BUNDLE_IDENTIFIER = team.odds.iOSCleanUITests;
				PRODUCT_NAME = "$(TARGET_NAME)";
				SWIFT_VERSION = 5.0;
				TARGETED_DEVICE_FAMILY = "1,2";
				TEST_TARGET_NAME = iOSClean;
			};
			name = Debug;
		};
		37A0046125BBC2D7001D39B9 /* Release */ = {
			isa = XCBuildConfiguration;
			baseConfigurationReference = 7887335E59E4D58766D3DB4E /* Pods-iOSClean-iOSCleanUITests.release.xcconfig */;
			buildSettings = {
				ALWAYS_EMBED_SWIFT_STANDARD_LIBRARIES = YES;
				CODE_SIGN_STYLE = Automatic;
				INFOPLIST_FILE = iOSCleanUITests/Info.plist;
				LD_RUNPATH_SEARCH_PATHS = (
					"$(inherited)",
					"@executable_path/Frameworks",
					"@loader_path/Frameworks",
				);
				PRODUCT_BUNDLE_IDENTIFIER = team.odds.iOSCleanUITests;
				PRODUCT_NAME = "$(TARGET_NAME)";
				SWIFT_VERSION = 5.0;
				TARGETED_DEVICE_FAMILY = "1,2";
				TEST_TARGET_NAME = iOSClean;
			};
			name = Release;
		};
/* End XCBuildConfiguration section */

/* Begin XCConfigurationList section */
		37A0042A25BBC2D6001D39B9 /* Build configuration list for PBXProject "iOSClean" */ = {
			isa = XCConfigurationList;
			buildConfigurations = (
				37A0045725BBC2D7001D39B9 /* Debug */,
				37A0045825BBC2D7001D39B9 /* Release */,
			);
			defaultConfigurationIsVisible = 0;
			defaultConfigurationName = Release;
		};
		37A0045925BBC2D7001D39B9 /* Build configuration list for PBXNativeTarget "iOSClean" */ = {
			isa = XCConfigurationList;
			buildConfigurations = (
				37A0045A25BBC2D7001D39B9 /* Debug */,
				37A0045B25BBC2D7001D39B9 /* Release */,
			);
			defaultConfigurationIsVisible = 0;
			defaultConfigurationName = Release;
		};
		37A0045C25BBC2D7001D39B9 /* Build configuration list for PBXNativeTarget "iOSCleanTests" */ = {
			isa = XCConfigurationList;
			buildConfigurations = (
				37A0045D25BBC2D7001D39B9 /* Debug */,
				37A0045E25BBC2D7001D39B9 /* Release */,
			);
			defaultConfigurationIsVisible = 0;
			defaultConfigurationName = Release;
		};
		37A0045F25BBC2D7001D39B9 /* Build configuration list for PBXNativeTarget "iOSCleanUITests" */ = {
			isa = XCConfigurationList;
			buildConfigurations = (
				37A0046025BBC2D7001D39B9 /* Debug */,
				37A0046125BBC2D7001D39B9 /* Release */,
			);
			defaultConfigurationIsVisible = 0;
			defaultConfigurationName = Release;
		};
/* End XCConfigurationList section */
	};
	rootObject = 37A0042725BBC2D6001D39B9 /* Project object */;
}
